uuid: 55d1ed95-b4b2-4637-b7b4-69a26be3a0d0
langcode: en
status: true
dependencies:
  module:
    - system
active_version: 555013928f7c9471
versioned_properties:
  active:
    settings:
      default_settings:
        id: system_branding_block
        label: 'Site branding'
        label_display: '0'
        provider: system
        use_site_logo: true
        use_site_name: true
        use_site_slogan: true
    fallback_metadata:
      slot_definitions: null
  fefa2d802cc32efc:
    settings:
      default_settings:
        id: system_branding_block
        label: 'Webbplatsens varumärke'
        label_display: '0'
        provider: system
        use_site_logo: true
        use_site_name: true
        use_site_slogan: true
    fallback_metadata:
      slot_definitions: null
  555013928f7c9471:
    settings:
      default_settings:
        id: system_branding_block
        label: 'Site branding'
        label_display: '0'
        provider: system
        use_site_logo: true
        use_site_name: true
        use_site_slogan: true
    fallback_metadata:
      slot_definitions: null
  247a23298360adb2:
    settings:
      default_settings:
        id: system_branding_block
        label: 'Site branding'
        label_display: '0'
        provider: system
        use_site_logo: true
        use_site_name: true
        use_site_slogan: true
    fallback_metadata:
      slot_definitions: null
label: 'Site branding'
id: block.system_branding_block
provider: system
source: block
source_local_id: system_branding_block
category: System
