uuid: 6e7b476a-48fc-4a1a-b1be-11dcab261dbd
langcode: en
status: false
dependencies:
  module:
    - search
active_version: e743cd6a942159bc
versioned_properties:
  active:
    settings:
      default_settings:
        id: search_form_block
        label: 'Search form'
        label_display: '0'
        provider: search
        page_id: null
    fallback_metadata:
      slot_definitions: null
  1ba5b23a7dbda610:
    settings:
      default_settings:
        id: search_form_block
        label: Sökformulär
        label_display: '0'
        provider: search
        page_id: null
    fallback_metadata:
      slot_definitions: null
  e743cd6a942159bc:
    settings:
      default_settings:
        id: search_form_block
        label: 'Search form'
        label_display: '0'
        provider: search
        page_id: null
    fallback_metadata:
      slot_definitions: null
  a70dc9055799da70:
    settings:
      default_settings:
        id: search_form_block
        label: 'Search form'
        label_display: '0'
        provider: search
        page_id: null
    fallback_metadata:
      slot_definitions: null
label: 'Search form'
id: block.search_form_block
provider: search
source: block
source_local_id: search_form_block
category: Forms
