uuid: f9df5570-84b2-42ad-a3a8-79617320e9bc
langcode: en
status: true
dependencies: {  }
active_version: b481f5cc43e872da
versioned_properties:
  active:
    settings:
      default_settings:
        id: local_tasks_block
        label: Tabs
        label_display: '0'
        provider: core
        primary: true
        secondary: true
    fallback_metadata:
      slot_definitions: null
  866afdc389766089:
    settings:
      default_settings:
        id: local_tasks_block
        label: Flikar
        label_display: '0'
        provider: core
        primary: true
        secondary: true
    fallback_metadata:
      slot_definitions: null
  b481f5cc43e872da:
    settings:
      default_settings:
        id: local_tasks_block
        label: Tabs
        label_display: '0'
        provider: core
        primary: true
        secondary: true
    fallback_metadata:
      slot_definitions: null
  7ce07cbe2a7fa7ce:
    settings:
      default_settings:
        id: local_tasks_block
        label: Tabs
        label_display: '0'
        provider: core
        primary: true
        secondary: true
    fallback_metadata:
      slot_definitions: null
label: Tabs
id: block.local_tasks_block
provider: core
source: block
source_local_id: local_tasks_block
category: core
