uuid: c80118c9-efed-443e-bb32-efccadae186d
langcode: en
status: true
dependencies: {  }
active_version: 7ce25803c442f942
versioned_properties:
  active:
    settings:
      default_settings:
        id: page_title_block
        label: 'Page title'
        label_display: '0'
        provider: core
    fallback_metadata:
      slot_definitions: null
  38e8361793d72014:
    settings:
      default_settings:
        id: page_title_block
        label: Sidtitel
        label_display: '0'
        provider: core
    fallback_metadata:
      slot_definitions: null
  7ce25803c442f942:
    settings:
      default_settings:
        id: page_title_block
        label: 'Page title'
        label_display: '0'
        provider: core
    fallback_metadata:
      slot_definitions: null
  62af221149ae4887:
    settings:
      default_settings:
        id: page_title_block
        label: 'Page title'
        label_display: '0'
        provider: core
    fallback_metadata:
      slot_definitions: null
label: 'Page title'
id: block.page_title_block
provider: core
source: block
source_local_id: page_title_block
category: core
